# DO NOT EDIT MANUALLY - Managed by Fern Replay
version: "1.0"
generations:
  - commit_sha: 1fc0e8548a25891c7f4373e1bd78b611ca698c18
    tree_hash: 48070f7b186a52de405774f228807fb0877c875c
    timestamp: 2026-07-03T12:02:13.744Z
    cli_version: unknown
    generator_versions: {}
current_generation: 1fc0e8548a25891c7f4373e1bd78b611ca698c18
patches: []
